
Microsoft Visual Studio Solution File, Format Version 12.00
# Visual Studio Version 17
VisualStudioVersion = 17.8.34525.116
MinimumVisualStudioVersion = 10.0.40219.1
Project("{FAE04EC0-301F-11D3-BF4B-00C04F79EFBC}") = "p2p-client", "p2p-client\p2p-client.csproj", "{94A0B515-2CA0-4E69-AB75-CBA96B9A6681}"
EndProject
Project("{9A19103F-16F7-4668-BE54-9A1E7A4F7556}") = "p2p-server", "p2p-server\p2p-server.csproj", "{D2B0E86F-461A-4C38-902E-B1C31E8B7729}"
EndProject
Project("{FAE04EC0-301F-11D3-BF4B-00C04F79EFBC}") = "p2p-test", "p2p-test\p2p-test.csproj", "{E7F25E61-3CCE-4DD2-8ACA-2BE190460907}"
EndProject
Global
	GlobalSection(SolutionConfigurationPlatforms) = preSolution
		Debug|Any CPU = Debug|Any CPU
		Release|Any CPU = Release|Any CPU
	EndGlobalSection
	GlobalSection(ProjectConfigurationPlatforms) = postSolution
		{94A0B515-2CA0-4E69-AB75-CBA96B9A6681}.Debug|Any CPU.ActiveCfg = Debug|Any CPU
		{94A0B515-2CA0-4E69-AB75-CBA96B9A6681}.Debug|Any CPU.Build.0 = Debug|Any CPU
		{94A0B515-2CA0-4E69-AB75-CBA96B9A6681}.Release|Any CPU.ActiveCfg = Release|Any CPU
		{94A0B515-2CA0-4E69-AB75-CBA96B9A6681}.Release|Any CPU.Build.0 = Release|Any CPU
		{D2B0E86F-461A-4C38-902E-B1C31E8B7729}.Debug|Any CPU.ActiveCfg = Debug|Any CPU
		{D2B0E86F-461A-4C38-902E-B1C31E8B7729}.Debug|Any CPU.Build.0 = Debug|Any CPU
		{D2B0E86F-461A-4C38-902E-B1C31E8B7729}.Release|Any CPU.ActiveCfg = Release|Any CPU
		{D2B0E86F-461A-4C38-902E-B1C31E8B7729}.Release|Any CPU.Build.0 = Release|Any CPU
		{E7F25E61-3CCE-4DD2-8ACA-2BE190460907}.Debug|Any CPU.ActiveCfg = Debug|Any CPU
		{E7F25E61-3CCE-4DD2-8ACA-2BE190460907}.Debug|Any CPU.Build.0 = Debug|Any CPU
		{E7F25E61-3CCE-4DD2-8ACA-2BE190460907}.Release|Any CPU.ActiveCfg = Release|Any CPU
		{E7F25E61-3CCE-4DD2-8ACA-2BE190460907}.Release|Any CPU.Build.0 = Release|Any CPU
	EndGlobalSection
	GlobalSection(SolutionProperties) = preSolution
		HideSolutionNode = FALSE
	EndGlobalSection
	GlobalSection(ExtensibilityGlobals) = postSolution
		SolutionGuid = {294BD41F-C939-42C3-A8E4-91F6F68C202A}
	EndGlobalSection
EndGlobal
